
Microsoft Visual Studio Solution File, Format Version 12.00
# Visual Studio Version 17
VisualStudioVersion = 17.4.33213.308
MinimumVisualStudioVersion = 10.0.40219.1
Project("{FAE04EC0-301F-11D3-BF4B-00C04F79EFBC}") = "NL_BANK", "NL_BANK.csproj", "{B3ADB030-2B3F-46E5-8F5F-8D87F9ACEFBB}"
EndProject
Project("{FAE04EC0-301F-11D3-BF4B-00C04F79EFBC}") = "ClassLibrary_NL_BANK", "..\ClassLibrary_NL_BANK\ClassLibrary_NL_BANK.csproj", "{70F383A2-0F82-4ECA-AD01-76BAF2BB87C1}"
EndProject
Project("{FAE04EC0-301F-11D3-BF4B-00C04F79EFBC}") = "CustomMessageBox", "..\CustomMessageBox-main\CustomMessageBox-main\CustomMessageBox\CustomMessageBox.csproj", "{99054420-DE83-4AF4-9F65-7CE1D51A5561}"
EndProject
Project("{FAE04EC0-301F-11D3-BF4B-00C04F79EFBC}") = "GenIBANProject", "..\ConsoleApp11\ConsoleApp11\ConsoleApp11\GenIBANProject.csproj", "{C82D44D0-2331-429C-B291-6B0B3D354D4D}"
EndProject
Global
	GlobalSection(SolutionConfigurationPlatforms) = preSolution
		Debug|Any CPU = Debug|Any CPU
		Release|Any CPU = Release|Any CPU
	EndGlobalSection
	GlobalSection(ProjectConfigurationPlatforms) = postSolution
		{B3ADB030-2B3F-46E5-8F5F-8D87F9ACEFBB}.Debug|Any CPU.ActiveCfg = Debug|Any CPU
		{B3ADB030-2B3F-46E5-8F5F-8D87F9ACEFBB}.Debug|Any CPU.Build.0 = Debug|Any CPU
		{B3ADB030-2B3F-46E5-8F5F-8D87F9ACEFBB}.Release|Any CPU.ActiveCfg = Release|Any CPU
		{B3ADB030-2B3F-46E5-8F5F-8D87F9ACEFBB}.Release|Any CPU.Build.0 = Release|Any CPU
		{70F383A2-0F82-4ECA-AD01-76BAF2BB87C1}.Debug|Any CPU.ActiveCfg = Debug|Any CPU
		{70F383A2-0F82-4ECA-AD01-76BAF2BB87C1}.Debug|Any CPU.Build.0 = Debug|Any CPU
		{70F383A2-0F82-4ECA-AD01-76BAF2BB87C1}.Release|Any CPU.ActiveCfg = Release|Any CPU
		{70F383A2-0F82-4ECA-AD01-76BAF2BB87C1}.Release|Any CPU.Build.0 = Release|Any CPU
		{99054420-DE83-4AF4-9F65-7CE1D51A5561}.Debug|Any CPU.ActiveCfg = Debug|Any CPU
		{99054420-DE83-4AF4-9F65-7CE1D51A5561}.Debug|Any CPU.Build.0 = Debug|Any CPU
		{99054420-DE83-4AF4-9F65-7CE1D51A5561}.Release|Any CPU.ActiveCfg = Release|Any CPU
		{99054420-DE83-4AF4-9F65-7CE1D51A5561}.Release|Any CPU.Build.0 = Release|Any CPU
		{C82D44D0-2331-429C-B291-6B0B3D354D4D}.Debug|Any CPU.ActiveCfg = Debug|Any CPU
		{C82D44D0-2331-429C-B291-6B0B3D354D4D}.Debug|Any CPU.Build.0 = Debug|Any CPU
		{C82D44D0-2331-429C-B291-6B0B3D354D4D}.Release|Any CPU.ActiveCfg = Release|Any CPU
		{C82D44D0-2331-429C-B291-6B0B3D354D4D}.Release|Any CPU.Build.0 = Release|Any CPU
	EndGlobalSection
	GlobalSection(SolutionProperties) = preSolution
		HideSolutionNode = FALSE
	EndGlobalSection
	GlobalSection(ExtensibilityGlobals) = postSolution
		SolutionGuid = {A26D627E-5D3D-4E12-9F77-1F6B582F8027}
	EndGlobalSection
EndGlobal
