
Microsoft Visual Studio Solution File, Format Version 12.00
# Visual Studio Version 17
VisualStudioVersion = 17.4.33213.308
MinimumVisualStudioVersion = 10.0.40219.1
Project("{FAE04EC0-301F-11D3-BF4B-00C04F79EFBC}") = "GenIBANProject", "ConsoleApp11\GenIBANProject.csproj", "{C82D44D0-2331-429C-B291-6B0B3D354D4D}"
EndProject
Global
	GlobalSection(SolutionConfigurationPlatforms) = preSolution
		Debug|Any CPU = Debug|Any CPU
		Release|Any CPU = Release|Any CPU
	EndGlobalSection
	GlobalSection(ProjectConfigurationPlatforms) = postSolution
		{C82D44D0-2331-429C-B291-6B0B3D354D4D}.Debug|Any CPU.ActiveCfg = Debug|Any CPU
		{C82D44D0-2331-429C-B291-6B0B3D354D4D}.Debug|Any CPU.Build.0 = Debug|Any CPU
		{C82D44D0-2331-429C-B291-6B0B3D354D4D}.Release|Any CPU.ActiveCfg = Release|Any CPU
		{C82D44D0-2331-429C-B291-6B0B3D354D4D}.Release|Any CPU.Build.0 = Release|Any CPU
	EndGlobalSection
	GlobalSection(SolutionProperties) = preSolution
		HideSolutionNode = FALSE
	EndGlobalSection
	GlobalSection(ExtensibilityGlobals) = postSolution
		SolutionGuid = {D72B1F1B-DAB0-4798-9EAA-11A4E0582972}
	EndGlobalSection
EndGlobal
